
Microsoft Visual Studio Solution File, Format Version 12.00
# Visual Studio Version 16
VisualStudioVersion = 16.0.30907.101
MinimumVisualStudioVersion = 10.0.40219.1
Project("{FAE04EC0-301F-11D3-BF4B-00C04F79EFBC}") = "AutomaticContainerizationAzureProject", "AutomaticContainerizationAzureProject.csproj", "{33FA1A54-DF06-4E5F-9337-7E52C76E688C}"
EndProject
Global
	GlobalSection(SolutionConfigurationPlatforms) = preSolution
		Debug|Any CPU = Debug|Any CPU
		Release|Any CPU = Release|Any CPU
	EndGlobalSection
	GlobalSection(ProjectConfigurationPlatforms) = postSolution
		{33FA1A54-DF06-4E5F-9337-7E52C76E688C}.Debug|Any CPU.ActiveCfg = Debug|Any CPU
		{33FA1A54-DF06-4E5F-9337-7E52C76E688C}.Debug|Any CPU.Build.0 = Debug|Any CPU
		{33FA1A54-DF06-4E5F-9337-7E52C76E688C}.Release|Any CPU.ActiveCfg = Release|Any CPU
		{33FA1A54-DF06-4E5F-9337-7E52C76E688C}.Release|Any CPU.Build.0 = Release|Any CPU
	EndGlobalSection
	GlobalSection(SolutionProperties) = preSolution
		HideSolutionNode = FALSE
	EndGlobalSection
	GlobalSection(ExtensibilityGlobals) = postSolution
		SolutionGuid = {246EF15B-ED8B-4B70-968A-5AB647F9E23D}
	EndGlobalSection
EndGlobal
